
Microsoft Visual Studio Solution File, Format Version 12.00
# Visual Studio Version 16
VisualStudioVersion = 16.0.29411.108
MinimumVisualStudioVersion = 10.0.40219.1
Project("{FAE04EC0-301F-11D3-BF4B-00C04F79EFBC}") = "Bank", "Bank\Bank.csproj", "{8DD3D1B5-7BA1-4565-85A7-5E591DB2202C}"
EndProject
Project("{FAE04EC0-301F-11D3-BF4B-00C04F79EFBC}") = "BankTestProject", "BankTestProject\BankTestProject.csproj", "{99C7FA92-C6CE-4544-BDDA-A934646997AD}"
EndProject
Global
	GlobalSection(SolutionConfigurationPlatforms) = preSolution
		Debug|Any CPU = Debug|Any CPU
		Release|Any CPU = Release|Any CPU
	EndGlobalSection
	GlobalSection(ProjectConfigurationPlatforms) = postSolution
		{8DD3D1B5-7BA1-4565-85A7-5E591DB2202C}.Debug|Any CPU.ActiveCfg = Debug|Any CPU
		{8DD3D1B5-7BA1-4565-85A7-5E591DB2202C}.Debug|Any CPU.Build.0 = Debug|Any CPU
		{8DD3D1B5-7BA1-4565-85A7-5E591DB2202C}.Release|Any CPU.ActiveCfg = Release|Any CPU
		{8DD3D1B5-7BA1-4565-85A7-5E591DB2202C}.Release|Any CPU.Build.0 = Release|Any CPU
		{99C7FA92-C6CE-4544-BDDA-A934646997AD}.Debug|Any CPU.ActiveCfg = Debug|Any CPU
		{99C7FA92-C6CE-4544-BDDA-A934646997AD}.Debug|Any CPU.Build.0 = Debug|Any CPU
		{99C7FA92-C6CE-4544-BDDA-A934646997AD}.Release|Any CPU.ActiveCfg = Release|Any CPU
		{99C7FA92-C6CE-4544-BDDA-A934646997AD}.Release|Any CPU.Build.0 = Release|Any CPU
	EndGlobalSection
	GlobalSection(SolutionProperties) = preSolution
		HideSolutionNode = FALSE
	EndGlobalSection
	GlobalSection(ExtensibilityGlobals) = postSolution
		SolutionGuid = {C25B2EF5-EC47-451D-AFF2-E7E7D3A54B54}
	EndGlobalSection
EndGlobal
